
Microsoft Visual Studio Solution File, Format Version 12.00
Project("{FAE04EC0-301F-11D3-BF4B-00C04F79EFBC}") = "Qrist.Api.Host", "Qrist.Api.Host\Qrist.Api.Host.csproj", "{108C3D19-C6AE-4E04-9530-A7B13A4B4A24}"
EndProject
Project("{FAE04EC0-301F-11D3-BF4B-00C04F79EFBC}") = "Qrist.Interfaces", "Qrist.Interfaces\Qrist.Interfaces.csproj", "{1C1F6586-E1B1-4B87-8305-C335B13B0884}"
EndProject
Project("{FAE04EC0-301F-11D3-BF4B-00C04F79EFBC}") = "Qrist.Adapters.Todoist", "Qrist.Adapters.Todoist\Qrist.Adapters.Todoist.csproj", "{C34E023D-87DB-4963-9852-19904283CE3F}"
EndProject
Project("{FAE04EC0-301F-11D3-BF4B-00C04F79EFBC}") = "Qrist.Domain", "Qrist.Domain\Qrist.Domain.csproj", "{D5E51E8D-7B1E-4345-A07D-C0CBE8431E1E}"
EndProject
Project("{FAE04EC0-301F-11D3-BF4B-00C04F79EFBC}") = "Qrist.Tests.Unit", "Qrist.Tests.Unit\Qrist.Tests.Unit.csproj", "{5B907B59-06F3-422C-A745-9E85DFEE65BF}"
EndProject
Global
	GlobalSection(SolutionConfigurationPlatforms) = preSolution
		Debug|Any CPU = Debug|Any CPU
		Release|Any CPU = Release|Any CPU
	EndGlobalSection
	GlobalSection(ProjectConfigurationPlatforms) = postSolution
		{108C3D19-C6AE-4E04-9530-A7B13A4B4A24}.Debug|Any CPU.ActiveCfg = Debug|Any CPU
		{108C3D19-C6AE-4E04-9530-A7B13A4B4A24}.Debug|Any CPU.Build.0 = Debug|Any CPU
		{108C3D19-C6AE-4E04-9530-A7B13A4B4A24}.Release|Any CPU.ActiveCfg = Release|Any CPU
		{108C3D19-C6AE-4E04-9530-A7B13A4B4A24}.Release|Any CPU.Build.0 = Release|Any CPU
		{1C1F6586-E1B1-4B87-8305-C335B13B0884}.Debug|Any CPU.ActiveCfg = Debug|Any CPU
		{1C1F6586-E1B1-4B87-8305-C335B13B0884}.Debug|Any CPU.Build.0 = Debug|Any CPU
		{1C1F6586-E1B1-4B87-8305-C335B13B0884}.Release|Any CPU.ActiveCfg = Release|Any CPU
		{1C1F6586-E1B1-4B87-8305-C335B13B0884}.Release|Any CPU.Build.0 = Release|Any CPU
		{C34E023D-87DB-4963-9852-19904283CE3F}.Debug|Any CPU.ActiveCfg = Debug|Any CPU
		{C34E023D-87DB-4963-9852-19904283CE3F}.Debug|Any CPU.Build.0 = Debug|Any CPU
		{C34E023D-87DB-4963-9852-19904283CE3F}.Release|Any CPU.ActiveCfg = Release|Any CPU
		{C34E023D-87DB-4963-9852-19904283CE3F}.Release|Any CPU.Build.0 = Release|Any CPU
		{D5E51E8D-7B1E-4345-A07D-C0CBE8431E1E}.Debug|Any CPU.ActiveCfg = Debug|Any CPU
		{D5E51E8D-7B1E-4345-A07D-C0CBE8431E1E}.Debug|Any CPU.Build.0 = Debug|Any CPU
		{D5E51E8D-7B1E-4345-A07D-C0CBE8431E1E}.Release|Any CPU.ActiveCfg = Release|Any CPU
		{D5E51E8D-7B1E-4345-A07D-C0CBE8431E1E}.Release|Any CPU.Build.0 = Release|Any CPU
		{5B907B59-06F3-422C-A745-9E85DFEE65BF}.Debug|Any CPU.ActiveCfg = Debug|Any CPU
		{5B907B59-06F3-422C-A745-9E85DFEE65BF}.Debug|Any CPU.Build.0 = Debug|Any CPU
		{5B907B59-06F3-422C-A745-9E85DFEE65BF}.Release|Any CPU.ActiveCfg = Release|Any CPU
		{5B907B59-06F3-422C-A745-9E85DFEE65BF}.Release|Any CPU.Build.0 = Release|Any CPU
	EndGlobalSection
EndGlobal
