
Microsoft Visual Studio Solution File, Format Version 12.00
Project("{FAE04EC0-301F-11D3-BF4B-00C04F79EFBC}") = "Qrist.Interfaces", "Qrist.Interfaces\Qrist.Interfaces.csproj", "{1C1F6586-E1B1-4B87-8305-C335B13B0884}"
EndProject
Project("{FAE04EC0-301F-11D3-BF4B-00C04F79EFBC}") = "Qrist.Adapters.Todoist", "Qrist.Adapters.Todoist\Qrist.Adapters.Todoist.csproj", "{C34E023D-87DB-4963-9852-19904283CE3F}"
EndProject
Project("{FAE04EC0-301F-11D3-BF4B-00C04F79EFBC}") = "Qrist.Domain", "Qrist.Domain\Qrist.Domain.csproj", "{D5E51E8D-7B1E-4345-A07D-C0CBE8431E1E}"
EndProject
Project("{FAE04EC0-301F-11D3-BF4B-00C04F79EFBC}") = "Qrist.Tests.Unit", "Qrist.Tests.Unit\Qrist.Tests.Unit.csproj", "{5B907B59-06F3-422C-A745-9E85DFEE65BF}"
EndProject
Project("{FAE04EC0-301F-11D3-BF4B-00C04F79EFBC}") = "Qrist.Infrastructure.Compression.Gzip", "Qrist.Infrastructure.Compression.Gzip\Qrist.Infrastructure.Compression.Gzip.csproj", "{79A6AE4F-918C-4B48-8C6F-D728D242F40E}"
EndProject
Project("{FAE04EC0-301F-11D3-BF4B-00C04F79EFBC}") = "Qrist.Infrastructure.Compression.Brotli", "Qrist.Infrastructure.Compression.Brotli\Qrist.Infrastructure.Compression.Brotli.csproj", "{169267ED-EB5E-4750-9282-A002F9E4536E}"
EndProject
Project("{FAE04EC0-301F-11D3-BF4B-00C04F79EFBC}") = "Qrist.Infrastructure.QrCode.Production", "Qrist.Infrastructure.QrCode.Production\Qrist.Infrastructure.QrCode.Production.csproj", "{79213AA2-6577-4068-9C3A-9ED829D99BD4}"
EndProject
Project("{FAE04EC0-301F-11D3-BF4B-00C04F79EFBC}") = "Qrist.Infrastructure.QrCode.Encoding", "Qrist.Infrastructure.QrCode.Encoding\Qrist.Infrastructure.QrCode.Encoding.csproj", "{1E2D00BD-B1ED-493F-8CCC-4D2222705D24}"
EndProject
Project("{FAE04EC0-301F-11D3-BF4B-00C04F79EFBC}") = "Qrist.Web.Host", "Qrist.Web.Host\Qrist.Web.Host.csproj", "{4DE66021-0A7B-4199-80F6-C210DC5D35AB}"
EndProject
Project("{FAE04EC0-301F-11D3-BF4B-00C04F79EFBC}") = "Qrist.Injection", "Qrist.Injection\Qrist.Injection.csproj", "{ED27557E-7CAA-4203-BD50-1DBA2334B51D}"
EndProject
Project("{FAE04EC0-301F-11D3-BF4B-00C04F79EFBC}") = "Qrist.Application", "Qrist.Application\Qrist.Application.csproj", "{D962073B-29D7-4DB8-8BFD-3735C08DA8EE}"
EndProject
Project("{FAE04EC0-301F-11D3-BF4B-00C04F79EFBC}") = "Qrist.Infrastructure", "Qrist.Infrastructure\Qrist.Infrastructure.csproj", "{5D0BDFD9-9F07-4AD6-B932-DFFEDF9723DD}"
EndProject
Project("{FAE04EC0-301F-11D3-BF4B-00C04F79EFBC}") = "Qrist.Infrastructure.Table.Azure", "Qrist.Infrastructure.Table.Azure\Qrist.Infrastructure.Table.Azure.csproj", "{2EFDBE25-A700-4B44-9AF3-05B10973A010}"
EndProject
Global
	GlobalSection(SolutionConfigurationPlatforms) = preSolution
		Debug|Any CPU = Debug|Any CPU
		Release|Any CPU = Release|Any CPU
	EndGlobalSection
	GlobalSection(ProjectConfigurationPlatforms) = postSolution
		{1C1F6586-E1B1-4B87-8305-C335B13B0884}.Debug|Any CPU.ActiveCfg = Debug|Any CPU
		{1C1F6586-E1B1-4B87-8305-C335B13B0884}.Debug|Any CPU.Build.0 = Debug|Any CPU
		{1C1F6586-E1B1-4B87-8305-C335B13B0884}.Release|Any CPU.ActiveCfg = Release|Any CPU
		{1C1F6586-E1B1-4B87-8305-C335B13B0884}.Release|Any CPU.Build.0 = Release|Any CPU
		{C34E023D-87DB-4963-9852-19904283CE3F}.Debug|Any CPU.ActiveCfg = Debug|Any CPU
		{C34E023D-87DB-4963-9852-19904283CE3F}.Debug|Any CPU.Build.0 = Debug|Any CPU
		{C34E023D-87DB-4963-9852-19904283CE3F}.Release|Any CPU.ActiveCfg = Release|Any CPU
		{C34E023D-87DB-4963-9852-19904283CE3F}.Release|Any CPU.Build.0 = Release|Any CPU
		{D5E51E8D-7B1E-4345-A07D-C0CBE8431E1E}.Debug|Any CPU.ActiveCfg = Debug|Any CPU
		{D5E51E8D-7B1E-4345-A07D-C0CBE8431E1E}.Debug|Any CPU.Build.0 = Debug|Any CPU
		{D5E51E8D-7B1E-4345-A07D-C0CBE8431E1E}.Release|Any CPU.ActiveCfg = Release|Any CPU
		{D5E51E8D-7B1E-4345-A07D-C0CBE8431E1E}.Release|Any CPU.Build.0 = Release|Any CPU
		{5B907B59-06F3-422C-A745-9E85DFEE65BF}.Debug|Any CPU.ActiveCfg = Debug|Any CPU
		{5B907B59-06F3-422C-A745-9E85DFEE65BF}.Debug|Any CPU.Build.0 = Debug|Any CPU
		{5B907B59-06F3-422C-A745-9E85DFEE65BF}.Release|Any CPU.ActiveCfg = Release|Any CPU
		{5B907B59-06F3-422C-A745-9E85DFEE65BF}.Release|Any CPU.Build.0 = Release|Any CPU
		{79A6AE4F-918C-4B48-8C6F-D728D242F40E}.Debug|Any CPU.ActiveCfg = Debug|Any CPU
		{79A6AE4F-918C-4B48-8C6F-D728D242F40E}.Debug|Any CPU.Build.0 = Debug|Any CPU
		{79A6AE4F-918C-4B48-8C6F-D728D242F40E}.Release|Any CPU.ActiveCfg = Release|Any CPU
		{79A6AE4F-918C-4B48-8C6F-D728D242F40E}.Release|Any CPU.Build.0 = Release|Any CPU
		{169267ED-EB5E-4750-9282-A002F9E4536E}.Debug|Any CPU.ActiveCfg = Debug|Any CPU
		{169267ED-EB5E-4750-9282-A002F9E4536E}.Debug|Any CPU.Build.0 = Debug|Any CPU
		{169267ED-EB5E-4750-9282-A002F9E4536E}.Release|Any CPU.ActiveCfg = Release|Any CPU
		{169267ED-EB5E-4750-9282-A002F9E4536E}.Release|Any CPU.Build.0 = Release|Any CPU
		{79213AA2-6577-4068-9C3A-9ED829D99BD4}.Debug|Any CPU.ActiveCfg = Debug|Any CPU
		{79213AA2-6577-4068-9C3A-9ED829D99BD4}.Debug|Any CPU.Build.0 = Debug|Any CPU
		{79213AA2-6577-4068-9C3A-9ED829D99BD4}.Release|Any CPU.ActiveCfg = Release|Any CPU
		{79213AA2-6577-4068-9C3A-9ED829D99BD4}.Release|Any CPU.Build.0 = Release|Any CPU
		{1E2D00BD-B1ED-493F-8CCC-4D2222705D24}.Debug|Any CPU.ActiveCfg = Debug|Any CPU
		{1E2D00BD-B1ED-493F-8CCC-4D2222705D24}.Debug|Any CPU.Build.0 = Debug|Any CPU
		{1E2D00BD-B1ED-493F-8CCC-4D2222705D24}.Release|Any CPU.ActiveCfg = Release|Any CPU
		{1E2D00BD-B1ED-493F-8CCC-4D2222705D24}.Release|Any CPU.Build.0 = Release|Any CPU
		{4DE66021-0A7B-4199-80F6-C210DC5D35AB}.Debug|Any CPU.ActiveCfg = Debug|Any CPU
		{4DE66021-0A7B-4199-80F6-C210DC5D35AB}.Debug|Any CPU.Build.0 = Debug|Any CPU
		{4DE66021-0A7B-4199-80F6-C210DC5D35AB}.Release|Any CPU.ActiveCfg = Release|Any CPU
		{4DE66021-0A7B-4199-80F6-C210DC5D35AB}.Release|Any CPU.Build.0 = Release|Any CPU
		{ED27557E-7CAA-4203-BD50-1DBA2334B51D}.Debug|Any CPU.ActiveCfg = Debug|Any CPU
		{ED27557E-7CAA-4203-BD50-1DBA2334B51D}.Debug|Any CPU.Build.0 = Debug|Any CPU
		{ED27557E-7CAA-4203-BD50-1DBA2334B51D}.Release|Any CPU.ActiveCfg = Release|Any CPU
		{ED27557E-7CAA-4203-BD50-1DBA2334B51D}.Release|Any CPU.Build.0 = Release|Any CPU
		{D962073B-29D7-4DB8-8BFD-3735C08DA8EE}.Debug|Any CPU.ActiveCfg = Debug|Any CPU
		{D962073B-29D7-4DB8-8BFD-3735C08DA8EE}.Debug|Any CPU.Build.0 = Debug|Any CPU
		{D962073B-29D7-4DB8-8BFD-3735C08DA8EE}.Release|Any CPU.ActiveCfg = Release|Any CPU
		{D962073B-29D7-4DB8-8BFD-3735C08DA8EE}.Release|Any CPU.Build.0 = Release|Any CPU
		{5D0BDFD9-9F07-4AD6-B932-DFFEDF9723DD}.Debug|Any CPU.ActiveCfg = Debug|Any CPU
		{5D0BDFD9-9F07-4AD6-B932-DFFEDF9723DD}.Debug|Any CPU.Build.0 = Debug|Any CPU
		{5D0BDFD9-9F07-4AD6-B932-DFFEDF9723DD}.Release|Any CPU.ActiveCfg = Release|Any CPU
		{5D0BDFD9-9F07-4AD6-B932-DFFEDF9723DD}.Release|Any CPU.Build.0 = Release|Any CPU
		{2EFDBE25-A700-4B44-9AF3-05B10973A010}.Debug|Any CPU.ActiveCfg = Debug|Any CPU
		{2EFDBE25-A700-4B44-9AF3-05B10973A010}.Debug|Any CPU.Build.0 = Debug|Any CPU
		{2EFDBE25-A700-4B44-9AF3-05B10973A010}.Release|Any CPU.ActiveCfg = Release|Any CPU
		{2EFDBE25-A700-4B44-9AF3-05B10973A010}.Release|Any CPU.Build.0 = Release|Any CPU
	EndGlobalSection
EndGlobal
